Microsoft Visual Studio Solution File, Format Version 12.00
# Visual Studio Version 17
VisualStudioVersion = 17.5.2.0
MinimumVisualStudioVersion = 10.0.40219.1
Project("{FAE04EC0-301F-11D3-BF4B-00C04F79EFBC}") = "QuestionBox.Server", "QuestionBox.Server.csproj", "{69D7CBDB-88E9-A47F-E4C5-5FC3C638CDBC}"
EndProject
Global
	GlobalSection(SolutionConfigurationPlatforms) = preSolution
		Debug|Any CPU = Debug|Any CPU
		Release|Any CPU = Release|Any CPU
	EndGlobalSection
	GlobalSection(ProjectConfigurationPlatforms) = postSolution
		{69D7CBDB-88E9-A47F-E4C5-5FC3C638CDBC}.Debug|Any CPU.ActiveCfg = Debug|Any CPU
		{69D7CBDB-88E9-A47F-E4C5-5FC3C638CDBC}.Debug|Any CPU.Build.0 = Debug|Any CPU
		{69D7CBDB-88E9-A47F-E4C5-5FC3C638CDBC}.Release|Any CPU.ActiveCfg = Release|Any CPU
		{69D7CBDB-88E9-A47F-E4C5-5FC3C638CDBC}.Release|Any CPU.Build.0 = Release|Any CPU
	EndGlobalSection
	GlobalSection(SolutionProperties) = preSolution
		HideSolutionNode = FALSE
	EndGlobalSection
	GlobalSection(ExtensibilityGlobals) = postSolution
		SolutionGuid = {51D97767-8018-41CA-8A8A-F62DF345B7CE}
	EndGlobalSection
EndGlobal
